
Microsoft Visual Studio Solution File, Format Version 12.00
# Visual Studio Version 17
VisualStudioVersion = 17.0.31903.59
MinimumVisualStudioVersion = 10.0.40219.1
Project("{2150E333-8FDC-42A3-9474-1A3956D46DE8}") = "src", "src", "{87DCF145-7E8D-49E6-93A7-410CE19608EA}"
EndProject
Project("{FAE04EC0-301F-11D3-BF4B-00C04F79EFBC}") = "Catalog", "src\Catalog\Catalog.csproj", "{EA3508DB-E559-40A5-B593-5650CA5EC241}"
EndProject
Global
	GlobalSection(SolutionConfigurationPlatforms) = preSolution
		Debug|Any CPU = Debug|Any CPU
		Release|Any CPU = Release|Any CPU
	EndGlobalSection
	GlobalSection(SolutionProperties) = preSolution
		HideSolutionNode = FALSE
	EndGlobalSection
	GlobalSection(ProjectConfigurationPlatforms) = postSolution
		{EA3508DB-E559-40A5-B593-5650CA5EC241}.Debug|Any CPU.ActiveCfg = Debug|Any CPU
		{EA3508DB-E559-40A5-B593-5650CA5EC241}.Debug|Any CPU.Build.0 = Debug|Any CPU
		{EA3508DB-E559-40A5-B593-5650CA5EC241}.Release|Any CPU.ActiveCfg = Release|Any CPU
		{EA3508DB-E559-40A5-B593-5650CA5EC241}.Release|Any CPU.Build.0 = Release|Any CPU
	EndGlobalSection
	GlobalSection(NestedProjects) = preSolution
		{EA3508DB-E559-40A5-B593-5650CA5EC241} = {87DCF145-7E8D-49E6-93A7-410CE19608EA}
	EndGlobalSection
EndGlobal
